
Microsoft Visual Studio Solution File, Format Version 12.00
# Visual Studio 14
VisualStudioVersion = 14.0.25420.1
MinimumVisualStudioVersion = 10.0.40219.1
Project("{FAE04EC0-301F-11D3-BF4B-00C04F79EFBC}") = "TestDrive.Droid", "TestDrive\TestDrive.Droid\TestDrive.Droid.csproj", "{FAD492D2-D362-4CBA-B453-CC047CFEE7CA}"
EndProject
Project("{FAE04EC0-301F-11D3-BF4B-00C04F79EFBC}") = "TestDrive.Aula1", "TestDrive\TestDrive.Aula1\TestDrive.Aula1.csproj", "{7D673F94-75A5-48A7-A7C1-CC7E84DF4098}"
EndProject
Project("{FAE04EC0-301F-11D3-BF4B-00C04F79EFBC}") = "TestDrive.iOS", "TestDrive\TestDrive.iOS\TestDrive.iOS.csproj", "{A6E27AC1-C5B1-4825-9951-A347EF4F5FF1}"
EndProject
Project("{FAE04EC0-301F-11D3-BF4B-00C04F79EFBC}") = "TestDrive.Windows", "TestDrive\TestDrive.Windows\TestDrive.Windows.csproj", "{0E68ECFD-D2C1-4ED2-A166-83B2A4D2AA1F}"
EndProject
Project("{FAE04EC0-301F-11D3-BF4B-00C04F79EFBC}") = "TestDrive.WinPhone", "TestDrive\TestDrive.WinPhone\TestDrive.WinPhone.csproj", "{B2F805E9-3560-403B-BBF8-9E2730E6FF85}"
EndProject
Project("{FAE04EC0-301F-11D3-BF4B-00C04F79EFBC}") = "TestDrive.Aula2", "TestDrive\TestDrive.Aula2\TestDrive.Aula2.csproj", "{20C2EE10-BD8B-419E-AC6D-F17A160E538E}"
EndProject
Project("{FAE04EC0-301F-11D3-BF4B-00C04F79EFBC}") = "TestDrive.Aula3", "TestDrive\TestDrive.Aula3\TestDrive.Aula3.csproj", "{F3795A63-FA62-44B5-A4D6-8CBDD543EFF5}"
EndProject
Global
	GlobalSection(SolutionConfigurationPlatforms) = preSolution
		Ad-Hoc|Any CPU = Ad-Hoc|Any CPU
		Ad-Hoc|ARM = Ad-Hoc|ARM
		Ad-Hoc|iPhone = Ad-Hoc|iPhone
		Ad-Hoc|iPhoneSimulator = Ad-Hoc|iPhoneSimulator
		Ad-Hoc|x64 = Ad-Hoc|x64
		Ad-Hoc|x86 = Ad-Hoc|x86
		AppStore|Any CPU = AppStore|Any CPU
		AppStore|ARM = AppStore|ARM
		AppStore|iPhone = AppStore|iPhone
		AppStore|iPhoneSimulator = AppStore|iPhoneSimulator
		AppStore|x64 = AppStore|x64
		AppStore|x86 = AppStore|x86
		Debug|Any CPU = Debug|Any CPU
		Debug|ARM = Debug|ARM
		Debug|iPhone = Debug|iPhone
		Debug|iPhoneSimulator = Debug|iPhoneSimulator
		Debug|x64 = Debug|x64
		Debug|x86 = Debug|x86
		Release|Any CPU = Release|Any CPU
		Release|ARM = Release|ARM
		Release|iPhone = Release|iPhone
		Release|iPhoneSimulator = Release|iPhoneSimulator
		Release|x64 = Release|x64
		Release|x86 = Release|x86
	EndGlobalSection
	GlobalSection(ProjectConfigurationPlatforms) = postSolution
		{FAD492D2-D362-4CBA-B453-CC047CFEE7CA}.Ad-Hoc|Any CPU.ActiveCfg = Release|Any CPU
		{FAD492D2-D362-4CBA-B453-CC047CFEE7CA}.Ad-Hoc|Any CPU.Build.0 = Release|Any CPU
		{FAD492D2-D362-4CBA-B453-CC047CFEE7CA}.Ad-Hoc|Any CPU.Deploy.0 = Release|Any CPU
		{FAD492D2-D362-4CBA-B453-CC047CFEE7CA}.Ad-Hoc|ARM.ActiveCfg = Release|Any CPU
		{FAD492D2-D362-4CBA-B453-CC047CFEE7CA}.Ad-Hoc|ARM.Build.0 = Release|Any CPU
		{FAD492D2-D362-4CBA-B453-CC047CFEE7CA}.Ad-Hoc|ARM.Deploy.0 = Release|Any CPU
		{FAD492D2-D362-4CBA-B453-CC047CFEE7CA}.Ad-Hoc|iPhone.ActiveCfg = Release|Any CPU
		{FAD492D2-D362-4CBA-B453-CC047CFEE7CA}.Ad-Hoc|iPhone.Build.0 = Release|Any CPU
		{FAD492D2-D362-4CBA-B453-CC047CFEE7CA}.Ad-Hoc|iPhone.Deploy.0 = Release|Any CPU
		{FAD492D2-D362-4CBA-B453-CC047CFEE7CA}.Ad-Hoc|iPhoneSimulator.ActiveCfg = Release|Any CPU
		{FAD492D2-D362-4CBA-B453-CC047CFEE7CA}.Ad-Hoc|iPhoneSimulator.Build.0 = Release|Any CPU
		{FAD492D2-D362-4CBA-B453-CC047CFEE7CA}.Ad-Hoc|iPhoneSimulator.Deploy.0 = Release|Any CPU
		{FAD492D2-D362-4CBA-B453-CC047CFEE7CA}.Ad-Hoc|x64.ActiveCfg = Release|Any CPU
		{FAD492D2-D362-4CBA-B453-CC047CFEE7CA}.Ad-Hoc|x64.Build.0 = Release|Any CPU
		{FAD492D2-D362-4CBA-B453-CC047CFEE7CA}.Ad-Hoc|x64.Deploy.0 = Release|Any CPU
		{FAD492D2-D362-4CBA-B453-CC047CFEE7CA}.Ad-Hoc|x86.ActiveCfg = Release|Any CPU
		{FAD492D2-D362-4CBA-B453-CC047CFEE7CA}.Ad-Hoc|x86.Build.0 = Release|Any CPU
		{FAD492D2-D362-4CBA-B453-CC047CFEE7CA}.Ad-Hoc|x86.Deploy.0 = Release|Any CPU
		{FAD492D2-D362-4CBA-B453-CC047CFEE7CA}.AppStore|Any CPU.ActiveCfg = Release|Any CPU
		{FAD492D2-D362-4CBA-B453-CC047CFEE7CA}.AppStore|Any CPU.Build.0 = Release|Any CPU
		{FAD492D2-D362-4CBA-B453-CC047CFEE7CA}.AppStore|Any CPU.Deploy.0 = Release|Any CPU
		{FAD492D2-D362-4CBA-B453-CC047CFEE7CA}.AppStore|ARM.ActiveCfg = Release|Any CPU
		{FAD492D2-D362-4CBA-B453-CC047CFEE7CA}.AppStore|ARM.Build.0 = Release|Any CPU
		{FAD492D2-D362-4CBA-B453-CC047CFEE7CA}.AppStore|ARM.Deploy.0 = Release|Any CPU
		{FAD492D2-D362-4CBA-B453-CC047CFEE7CA}.AppStore|iPhone.ActiveCfg = Release|Any CPU
		{FAD492D2-D362-4CBA-B453-CC047CFEE7CA}.AppStore|iPhone.Build.0 = Release|Any CPU
		{FAD492D2-D362-4CBA-B453-CC047CFEE7CA}.AppStore|iPhone.Deploy.0 = Release|Any CPU
		{FAD492D2-D362-4CBA-B453-CC047CFEE7CA}.AppStore|iPhoneSimulator.ActiveCfg = Release|Any CPU
		{FAD492D2-D362-4CBA-B453-CC047CFEE7CA}.AppStore|iPhoneSimulator.Build.0 = Release|Any CPU
		{FAD492D2-D362-4CBA-B453-CC047CFEE7CA}.AppStore|iPhoneSimulator.Deploy.0 = Release|Any CPU
		{FAD492D2-D362-4CBA-B453-CC047CFEE7CA}.AppStore|x64.ActiveCfg = Release|Any CPU
		{FAD492D2-D362-4CBA-B453-CC047CFEE7CA}.AppStore|x64.Build.0 = Release|Any CPU
		{FAD492D2-D362-4CBA-B453-CC047CFEE7CA}.AppStore|x64.Deploy.0 = Release|Any CPU
		{FAD492D2-D362-4CBA-B453-CC047CFEE7CA}.AppStore|x86.ActiveCfg = Release|Any CPU
		{FAD492D2-D362-4CBA-B453-CC047CFEE7CA}.AppStore|x86.Build.0 = Release|Any CPU
		{FAD492D2-D362-4CBA-B453-CC047CFEE7CA}.AppStore|x86.Deploy.0 = Release|Any CPU
		{FAD492D2-D362-4CBA-B453-CC047CFEE7CA}.Debug|Any CPU.ActiveCfg = Debug|Any CPU
		{FAD492D2-D362-4CBA-B453-CC047CFEE7CA}.Debug|Any CPU.Build.0 = Debug|Any CPU
		{FAD492D2-D362-4CBA-B453-CC047CFEE7CA}.Debug|Any CPU.Deploy.0 = Debug|Any CPU
		{FAD492D2-D362-4CBA-B453-CC047CFEE7CA}.Debug|ARM.ActiveCfg = Debug|Any CPU
		{FAD492D2-D362-4CBA-B453-CC047CFEE7CA}.Debug|ARM.Build.0 = Debug|Any CPU
		{FAD492D2-D362-4CBA-B453-CC047CFEE7CA}.Debug|ARM.Deploy.0 = Debug|Any CPU
		{FAD492D2-D362-4CBA-B453-CC047CFEE7CA}.Debug|iPhone.ActiveCfg = Debug|Any CPU
		{FAD492D2-D362-4CBA-B453-CC047CFEE7CA}.Debug|iPhone.Build.0 = Debug|Any CPU
		{FAD492D2-D362-4CBA-B453-CC047CFEE7CA}.Debug|iPhone.Deploy.0 = Debug|Any CPU
		{FAD492D2-D362-4CBA-B453-CC047CFEE7CA}.Debug|iPhoneSimulator.ActiveCfg = Debug|Any CPU
		{FAD492D2-D362-4CBA-B453-CC047CFEE7CA}.Debug|iPhoneSimulator.Build.0 = Debug|Any CPU
		{FAD492D2-D362-4CBA-B453-CC047CFEE7CA}.Debug|iPhoneSimulator.Deploy.0 = Debug|Any CPU
		{FAD492D2-D362-4CBA-B453-CC047CFEE7CA}.Debug|x64.ActiveCfg = Debug|Any CPU
		{FAD492D2-D362-4CBA-B453-CC047CFEE7CA}.Debug|x64.Build.0 = Debug|Any CPU
		{FAD492D2-D362-4CBA-B453-CC047CFEE7CA}.Debug|x64.Deploy.0 = Debug|Any CPU
		{FAD492D2-D362-4CBA-B453-CC047CFEE7CA}.Debug|x86.ActiveCfg = Debug|Any CPU
		{FAD492D2-D362-4CBA-B453-CC047CFEE7CA}.Debug|x86.Build.0 = Debug|Any CPU
		{FAD492D2-D362-4CBA-B453-CC047CFEE7CA}.Debug|x86.Deploy.0 = Debug|Any CPU
		{FAD492D2-D362-4CBA-B453-CC047CFEE7CA}.Release|Any CPU.ActiveCfg = Release|Any CPU
		{FAD492D2-D362-4CBA-B453-CC047CFEE7CA}.Release|Any CPU.Build.0 = Release|Any CPU
		{FAD492D2-D362-4CBA-B453-CC047CFEE7CA}.Release|Any CPU.Deploy.0 = Release|Any CPU
		{FAD492D2-D362-4CBA-B453-CC047CFEE7CA}.Release|ARM.ActiveCfg = Release|Any CPU
		{FAD492D2-D362-4CBA-B453-CC047CFEE7CA}.Release|ARM.Build.0 = Release|Any CPU
		{FAD492D2-D362-4CBA-B453-CC047CFEE7CA}.Release|ARM.Deploy.0 = Release|Any CPU
		{FAD492D2-D362-4CBA-B453-CC047CFEE7CA}.Release|iPhone.ActiveCfg = Release|Any CPU
		{FAD492D2-D362-4CBA-B453-CC047CFEE7CA}.Release|iPhone.Build.0 = Release|Any CPU
		{FAD492D2-D362-4CBA-B453-CC047CFEE7CA}.Release|iPhone.Deploy.0 = Release|Any CPU
		{FAD492D2-D362-4CBA-B453-CC047CFEE7CA}.Release|iPhoneSimulator.ActiveCfg = Release|Any CPU
		{FAD492D2-D362-4CBA-B453-CC047CFEE7CA}.Release|iPhoneSimulator.Build.0 = Release|Any CPU
		{FAD492D2-D362-4CBA-B453-CC047CFEE7CA}.Release|iPhoneSimulator.Deploy.0 = Release|Any CPU
		{FAD492D2-D362-4CBA-B453-CC047CFEE7CA}.Release|x64.ActiveCfg = Release|Any CPU
		{FAD492D2-D362-4CBA-B453-CC047CFEE7CA}.Release|x64.Build.0 = Release|Any CPU
		{FAD492D2-D362-4CBA-B453-CC047CFEE7CA}.Release|x64.Deploy.0 = Release|Any CPU
		{FAD492D2-D362-4CBA-B453-CC047CFEE7CA}.Release|x86.ActiveCfg = Release|Any CPU
		{FAD492D2-D362-4CBA-B453-CC047CFEE7CA}.Release|x86.Build.0 = Release|Any CPU
		{FAD492D2-D362-4CBA-B453-CC047CFEE7CA}.Release|x86.Deploy.0 = Release|Any CPU
		{7D673F94-75A5-48A7-A7C1-CC7E84DF4098}.Ad-Hoc|Any CPU.ActiveCfg = Release|Any CPU
		{7D673F94-75A5-48A7-A7C1-CC7E84DF4098}.Ad-Hoc|Any CPU.Build.0 = Release|Any CPU
		{7D673F94-75A5-48A7-A7C1-CC7E84DF4098}.Ad-Hoc|ARM.ActiveCfg = Release|Any CPU
		{7D673F94-75A5-48A7-A7C1-CC7E84DF4098}.Ad-Hoc|ARM.Build.0 = Release|Any CPU
		{7D673F94-75A5-48A7-A7C1-CC7E84DF4098}.Ad-Hoc|iPhone.ActiveCfg = Release|Any CPU
		{7D673F94-75A5-48A7-A7C1-CC7E84DF4098}.Ad-Hoc|iPhone.Build.0 = Release|Any CPU
		{7D673F94-75A5-48A7-A7C1-CC7E84DF4098}.Ad-Hoc|iPhoneSimulator.ActiveCfg = Release|Any CPU
		{7D673F94-75A5-48A7-A7C1-CC7E84DF4098}.Ad-Hoc|iPhoneSimulator.Build.0 = Release|Any CPU
		{7D673F94-75A5-48A7-A7C1-CC7E84DF4098}.Ad-Hoc|x64.ActiveCfg = Release|Any CPU
		{7D673F94-75A5-48A7-A7C1-CC7E84DF4098}.Ad-Hoc|x64.Build.0 = Release|Any CPU
		{7D673F94-75A5-48A7-A7C1-CC7E84DF4098}.Ad-Hoc|x86.ActiveCfg = Release|Any CPU
		{7D673F94-75A5-48A7-A7C1-CC7E84DF4098}.Ad-Hoc|x86.Build.0 = Release|Any CPU
		{7D673F94-75A5-48A7-A7C1-CC7E84DF4098}.AppStore|Any CPU.ActiveCfg = Release|Any CPU
		{7D673F94-75A5-48A7-A7C1-CC7E84DF4098}.AppStore|Any CPU.Build.0 = Release|Any CPU
		{7D673F94-75A5-48A7-A7C1-CC7E84DF4098}.AppStore|ARM.ActiveCfg = Release|Any CPU
		{7D673F94-75A5-48A7-A7C1-CC7E84DF4098}.AppStore|ARM.Build.0 = Release|Any CPU
		{7D673F94-75A5-48A7-A7C1-CC7E84DF4098}.AppStore|iPhone.ActiveCfg = Release|Any CPU
		{7D673F94-75A5-48A7-A7C1-CC7E84DF4098}.AppStore|iPhone.Build.0 = Release|Any CPU
		{7D673F94-75A5-48A7-A7C1-CC7E84DF4098}.AppStore|iPhoneSimulator.ActiveCfg = Release|Any CPU
		{7D673F94-75A5-48A7-A7C1-CC7E84DF4098}.AppStore|iPhoneSimulator.Build.0 = Release|Any CPU
		{7D673F94-75A5-48A7-A7C1-CC7E84DF4098}.AppStore|x64.ActiveCfg = Release|Any CPU
		{7D673F94-75A5-48A7-A7C1-CC7E84DF4098}.AppStore|x64.Build.0 = Release|Any CPU
		{7D673F94-75A5-48A7-A7C1-CC7E84DF4098}.AppStore|x86.ActiveCfg = Release|Any CPU
		{7D673F94-75A5-48A7-A7C1-CC7E84DF4098}.AppStore|x86.Build.0 = Release|Any CPU
		{7D673F94-75A5-48A7-A7C1-CC7E84DF4098}.Debug|Any CPU.ActiveCfg = Debug|Any CPU
		{7D673F94-75A5-48A7-A7C1-CC7E84DF4098}.Debug|ARM.ActiveCfg = Debug|Any CPU
		{7D673F94-75A5-48A7-A7C1-CC7E84DF4098}.Debug|ARM.Build.0 = Debug|Any CPU
		{7D673F94-75A5-48A7-A7C1-CC7E84DF4098}.Debug|iPhone.ActiveCfg = Debug|Any CPU
		{7D673F94-75A5-48A7-A7C1-CC7E84DF4098}.Debug|iPhone.Build.0 = Debug|Any CPU
		{7D673F94-75A5-48A7-A7C1-CC7E84DF4098}.Debug|iPhoneSimulator.ActiveCfg = Debug|Any CPU
		{7D673F94-75A5-48A7-A7C1-CC7E84DF4098}.Debug|iPhoneSimulator.Build.0 = Debug|Any CPU
		{7D673F94-75A5-48A7-A7C1-CC7E84DF4098}.Debug|x64.ActiveCfg = Debug|Any CPU
		{7D673F94-75A5-48A7-A7C1-CC7E84DF4098}.Debug|x64.Build.0 = Debug|Any CPU
		{7D673F94-75A5-48A7-A7C1-CC7E84DF4098}.Debug|x86.ActiveCfg = Debug|Any CPU
		{7D673F94-75A5-48A7-A7C1-CC7E84DF4098}.Debug|x86.Build.0 = Debug|Any CPU
		{7D673F94-75A5-48A7-A7C1-CC7E84DF4098}.Release|Any CPU.ActiveCfg = Release|Any CPU
		{7D673F94-75A5-48A7-A7C1-CC7E84DF4098}.Release|Any CPU.Build.0 = Release|Any CPU
		{7D673F94-75A5-48A7-A7C1-CC7E84DF4098}.Release|ARM.ActiveCfg = Release|Any CPU
		{7D673F94-75A5-48A7-A7C1-CC7E84DF4098}.Release|ARM.Build.0 = Release|Any CPU
		{7D673F94-75A5-48A7-A7C1-CC7E84DF4098}.Release|iPhone.ActiveCfg = Release|Any CPU
		{7D673F94-75A5-48A7-A7C1-CC7E84DF4098}.Release|iPhone.Build.0 = Release|Any CPU
		{7D673F94-75A5-48A7-A7C1-CC7E84DF4098}.Release|iPhoneSimulator.ActiveCfg = Release|Any CPU
		{7D673F94-75A5-48A7-A7C1-CC7E84DF4098}.Release|iPhoneSimulator.Build.0 = Release|Any CPU
		{7D673F94-75A5-48A7-A7C1-CC7E84DF4098}.Release|x64.ActiveCfg = Release|Any CPU
		{7D673F94-75A5-48A7-A7C1-CC7E84DF4098}.Release|x64.Build.0 = Release|Any CPU
		{7D673F94-75A5-48A7-A7C1-CC7E84DF4098}.Release|x86.ActiveCfg = Release|Any CPU
		{7D673F94-75A5-48A7-A7C1-CC7E84DF4098}.Release|x86.Build.0 = Release|Any CPU
		{A6E27AC1-C5B1-4825-9951-A347EF4F5FF1}.Ad-Hoc|Any CPU.ActiveCfg = Ad-Hoc|iPhone
		{A6E27AC1-C5B1-4825-9951-A347EF4F5FF1}.Ad-Hoc|ARM.ActiveCfg = Ad-Hoc|iPhone
		{A6E27AC1-C5B1-4825-9951-A347EF4F5FF1}.Ad-Hoc|iPhone.ActiveCfg = Ad-Hoc|iPhone
		{A6E27AC1-C5B1-4825-9951-A347EF4F5FF1}.Ad-Hoc|iPhone.Build.0 = Ad-Hoc|iPhone
		{A6E27AC1-C5B1-4825-9951-A347EF4F5FF1}.Ad-Hoc|iPhoneSimulator.ActiveCfg = Ad-Hoc|iPhoneSimulator
		{A6E27AC1-C5B1-4825-9951-A347EF4F5FF1}.Ad-Hoc|iPhoneSimulator.Build.0 = Ad-Hoc|iPhoneSimulator
		{A6E27AC1-C5B1-4825-9951-A347EF4F5FF1}.Ad-Hoc|x64.ActiveCfg = Ad-Hoc|iPhone
		{A6E27AC1-C5B1-4825-9951-A347EF4F5FF1}.Ad-Hoc|x86.ActiveCfg = Ad-Hoc|iPhone
		{A6E27AC1-C5B1-4825-9951-A347EF4F5FF1}.AppStore|Any CPU.ActiveCfg = AppStore|iPhone
		{A6E27AC1-C5B1-4825-9951-A347EF4F5FF1}.AppStore|ARM.ActiveCfg = AppStore|iPhone
		{A6E27AC1-C5B1-4825-9951-A347EF4F5FF1}.AppStore|iPhone.ActiveCfg = AppStore|iPhone
		{A6E27AC1-C5B1-4825-9951-A347EF4F5FF1}.AppStore|iPhone.Build.0 = AppStore|iPhone
		{A6E27AC1-C5B1-4825-9951-A347EF4F5FF1}.AppStore|iPhoneSimulator.ActiveCfg = AppStore|iPhoneSimulator
		{A6E27AC1-C5B1-4825-9951-A347EF4F5FF1}.AppStore|iPhoneSimulator.Build.0 = AppStore|iPhoneSimulator
		{A6E27AC1-C5B1-4825-9951-A347EF4F5FF1}.AppStore|x64.ActiveCfg = AppStore|iPhone
		{A6E27AC1-C5B1-4825-9951-A347EF4F5FF1}.AppStore|x86.ActiveCfg = AppStore|iPhone
		{A6E27AC1-C5B1-4825-9951-A347EF4F5FF1}.Debug|Any CPU.ActiveCfg = Debug|iPhone
		{A6E27AC1-C5B1-4825-9951-A347EF4F5FF1}.Debug|ARM.ActiveCfg = Debug|iPhone
		{A6E27AC1-C5B1-4825-9951-A347EF4F5FF1}.Debug|iPhone.ActiveCfg = Debug|iPhone
		{A6E27AC1-C5B1-4825-9951-A347EF4F5FF1}.Debug|iPhoneSimulator.ActiveCfg = Debug|iPhoneSimulator
		{A6E27AC1-C5B1-4825-9951-A347EF4F5FF1}.Debug|iPhoneSimulator.Build.0 = Debug|iPhoneSimulator
		{A6E27AC1-C5B1-4825-9951-A347EF4F5FF1}.Debug|x64.ActiveCfg = Debug|iPhone
		{A6E27AC1-C5B1-4825-9951-A347EF4F5FF1}.Debug|x86.ActiveCfg = Debug|iPhone
		{A6E27AC1-C5B1-4825-9951-A347EF4F5FF1}.Release|Any CPU.ActiveCfg = Release|iPhone
		{A6E27AC1-C5B1-4825-9951-A347EF4F5FF1}.Release|ARM.ActiveCfg = Release|iPhone
		{A6E27AC1-C5B1-4825-9951-A347EF4F5FF1}.Release|iPhone.ActiveCfg = Release|iPhone
		{A6E27AC1-C5B1-4825-9951-A347EF4F5FF1}.Release|iPhone.Build.0 = Release|iPhone
		{A6E27AC1-C5B1-4825-9951-A347EF4F5FF1}.Release|iPhoneSimulator.ActiveCfg = Release|iPhoneSimulator
		{A6E27AC1-C5B1-4825-9951-A347EF4F5FF1}.Release|iPhoneSimulator.Build.0 = Release|iPhoneSimulator
		{A6E27AC1-C5B1-4825-9951-A347EF4F5FF1}.Release|x64.ActiveCfg = Release|iPhone
		{A6E27AC1-C5B1-4825-9951-A347EF4F5FF1}.Release|x86.ActiveCfg = Release|iPhone
		{0E68ECFD-D2C1-4ED2-A166-83B2A4D2AA1F}.Ad-Hoc|Any CPU.ActiveCfg = Release|Any CPU
		{0E68ECFD-D2C1-4ED2-A166-83B2A4D2AA1F}.Ad-Hoc|Any CPU.Build.0 = Release|Any CPU
		{0E68ECFD-D2C1-4ED2-A166-83B2A4D2AA1F}.Ad-Hoc|Any CPU.Deploy.0 = Release|Any CPU
		{0E68ECFD-D2C1-4ED2-A166-83B2A4D2AA1F}.Ad-Hoc|ARM.ActiveCfg = Release|ARM
		{0E68ECFD-D2C1-4ED2-A166-83B2A4D2AA1F}.Ad-Hoc|ARM.Build.0 = Release|ARM
		{0E68ECFD-D2C1-4ED2-A166-83B2A4D2AA1F}.Ad-Hoc|ARM.Deploy.0 = Release|ARM
		{0E68ECFD-D2C1-4ED2-A166-83B2A4D2AA1F}.Ad-Hoc|iPhone.ActiveCfg = Release|Any CPU
		{0E68ECFD-D2C1-4ED2-A166-83B2A4D2AA1F}.Ad-Hoc|iPhone.Build.0 = Release|Any CPU
		{0E68ECFD-D2C1-4ED2-A166-83B2A4D2AA1F}.Ad-Hoc|iPhone.Deploy.0 = Release|Any CPU
		{0E68ECFD-D2C1-4ED2-A166-83B2A4D2AA1F}.Ad-Hoc|iPhoneSimulator.ActiveCfg = Release|Any CPU
		{0E68ECFD-D2C1-4ED2-A166-83B2A4D2AA1F}.Ad-Hoc|iPhoneSimulator.Build.0 = Release|Any CPU
		{0E68ECFD-D2C1-4ED2-A166-83B2A4D2AA1F}.Ad-Hoc|iPhoneSimulator.Deploy.0 = Release|Any CPU
		{0E68ECFD-D2C1-4ED2-A166-83B2A4D2AA1F}.Ad-Hoc|x64.ActiveCfg = Release|x64
		{0E68ECFD-D2C1-4ED2-A166-83B2A4D2AA1F}.Ad-Hoc|x64.Build.0 = Release|x64
		{0E68ECFD-D2C1-4ED2-A166-83B2A4D2AA1F}.Ad-Hoc|x64.Deploy.0 = Release|x64
		{0E68ECFD-D2C1-4ED2-A166-83B2A4D2AA1F}.Ad-Hoc|x86.ActiveCfg = Release|x86
		{0E68ECFD-D2C1-4ED2-A166-83B2A4D2AA1F}.Ad-Hoc|x86.Build.0 = Release|x86
		{0E68ECFD-D2C1-4ED2-A166-83B2A4D2AA1F}.Ad-Hoc|x86.Deploy.0 = Release|x86
		{0E68ECFD-D2C1-4ED2-A166-83B2A4D2AA1F}.AppStore|Any CPU.ActiveCfg = Release|Any CPU
		{0E68ECFD-D2C1-4ED2-A166-83B2A4D2AA1F}.AppStore|Any CPU.Build.0 = Release|Any CPU
		{0E68ECFD-D2C1-4ED2-A166-83B2A4D2AA1F}.AppStore|Any CPU.Deploy.0 = Release|Any CPU
		{0E68ECFD-D2C1-4ED2-A166-83B2A4D2AA1F}.AppStore|ARM.ActiveCfg = Release|ARM
		{0E68ECFD-D2C1-4ED2-A166-83B2A4D2AA1F}.AppStore|ARM.Build.0 = Release|ARM
		{0E68ECFD-D2C1-4ED2-A166-83B2A4D2AA1F}.AppStore|ARM.Deploy.0 = Release|ARM
		{0E68ECFD-D2C1-4ED2-A166-83B2A4D2AA1F}.AppStore|iPhone.ActiveCfg = Release|Any CPU
		{0E68ECFD-D2C1-4ED2-A166-83B2A4D2AA1F}.AppStore|iPhone.Build.0 = Release|Any CPU
		{0E68ECFD-D2C1-4ED2-A166-83B2A4D2AA1F}.AppStore|iPhone.Deploy.0 = Release|Any CPU
		{0E68ECFD-D2C1-4ED2-A166-83B2A4D2AA1F}.AppStore|iPhoneSimulator.ActiveCfg = Release|Any CPU
		{0E68ECFD-D2C1-4ED2-A166-83B2A4D2AA1F}.AppStore|iPhoneSimulator.Build.0 = Release|Any CPU
		{0E68ECFD-D2C1-4ED2-A166-83B2A4D2AA1F}.AppStore|iPhoneSimulator.Deploy.0 = Release|Any CPU
		{0E68ECFD-D2C1-4ED2-A166-83B2A4D2AA1F}.AppStore|x64.ActiveCfg = Release|x64
		{0E68ECFD-D2C1-4ED2-A166-83B2A4D2AA1F}.AppStore|x64.Build.0 = Release|x64
		{0E68ECFD-D2C1-4ED2-A166-83B2A4D2AA1F}.AppStore|x64.Deploy.0 = Release|x64
		{0E68ECFD-D2C1-4ED2-A166-83B2A4D2AA1F}.AppStore|x86.ActiveCfg = Release|x86
		{0E68ECFD-D2C1-4ED2-A166-83B2A4D2AA1F}.AppStore|x86.Build.0 = Release|x86
		{0E68ECFD-D2C1-4ED2-A166-83B2A4D2AA1F}.AppStore|x86.Deploy.0 = Release|x86
		{0E68ECFD-D2C1-4ED2-A166-83B2A4D2AA1F}.Debug|Any CPU.ActiveCfg = Debug|Any CPU
		{0E68ECFD-D2C1-4ED2-A166-83B2A4D2AA1F}.Debug|ARM.ActiveCfg = Debug|ARM
		{0E68ECFD-D2C1-4ED2-A166-83B2A4D2AA1F}.Debug|ARM.Build.0 = Debug|ARM
		{0E68ECFD-D2C1-4ED2-A166-83B2A4D2AA1F}.Debug|ARM.Deploy.0 = Debug|ARM
		{0E68ECFD-D2C1-4ED2-A166-83B2A4D2AA1F}.Debug|iPhone.ActiveCfg = Debug|Any CPU
		{0E68ECFD-D2C1-4ED2-A166-83B2A4D2AA1F}.Debug|iPhoneSimulator.ActiveCfg = Debug|Any CPU
		{0E68ECFD-D2C1-4ED2-A166-83B2A4D2AA1F}.Debug|iPhoneSimulator.Build.0 = Debug|Any CPU
		{0E68ECFD-D2C1-4ED2-A166-83B2A4D2AA1F}.Debug|iPhoneSimulator.Deploy.0 = Debug|Any CPU
		{0E68ECFD-D2C1-4ED2-A166-83B2A4D2AA1F}.Debug|x64.ActiveCfg = Debug|x64
		{0E68ECFD-D2C1-4ED2-A166-83B2A4D2AA1F}.Debug|x64.Build.0 = Debug|x64
		{0E68ECFD-D2C1-4ED2-A166-83B2A4D2AA1F}.Debug|x64.Deploy.0 = Debug|x64
		{0E68ECFD-D2C1-4ED2-A166-83B2A4D2AA1F}.Debug|x86.ActiveCfg = Debug|x86
		{0E68ECFD-D2C1-4ED2-A166-83B2A4D2AA1F}.Debug|x86.Build.0 = Debug|x86
		{0E68ECFD-D2C1-4ED2-A166-83B2A4D2AA1F}.Debug|x86.Deploy.0 = Debug|x86
		{0E68ECFD-D2C1-4ED2-A166-83B2A4D2AA1F}.Release|Any CPU.ActiveCfg = Release|Any CPU
		{0E68ECFD-D2C1-4ED2-A166-83B2A4D2AA1F}.Release|Any CPU.Build.0 = Release|Any CPU
		{0E68ECFD-D2C1-4ED2-A166-83B2A4D2AA1F}.Release|Any CPU.Deploy.0 = Release|Any CPU
		{0E68ECFD-D2C1-4ED2-A166-83B2A4D2AA1F}.Release|ARM.ActiveCfg = Release|ARM
		{0E68ECFD-D2C1-4ED2-A166-83B2A4D2AA1F}.Release|ARM.Build.0 = Release|ARM
		{0E68ECFD-D2C1-4ED2-A166-83B2A4D2AA1F}.Release|ARM.Deploy.0 = Release|ARM
		{0E68ECFD-D2C1-4ED2-A166-83B2A4D2AA1F}.Release|iPhone.ActiveCfg = Release|Any CPU
		{0E68ECFD-D2C1-4ED2-A166-83B2A4D2AA1F}.Release|iPhone.Build.0 = Release|Any CPU
		{0E68ECFD-D2C1-4ED2-A166-83B2A4D2AA1F}.Release|iPhone.Deploy.0 = Release|Any CPU
		{0E68ECFD-D2C1-4ED2-A166-83B2A4D2AA1F}.Release|iPhoneSimulator.ActiveCfg = Release|Any CPU
		{0E68ECFD-D2C1-4ED2-A166-83B2A4D2AA1F}.Release|iPhoneSimulator.Build.0 = Release|Any CPU
		{0E68ECFD-D2C1-4ED2-A166-83B2A4D2AA1F}.Release|iPhoneSimulator.Deploy.0 = Release|Any CPU
		{0E68ECFD-D2C1-4ED2-A166-83B2A4D2AA1F}.Release|x64.ActiveCfg = Release|x64
		{0E68ECFD-D2C1-4ED2-A166-83B2A4D2AA1F}.Release|x64.Build.0 = Release|x64
		{0E68ECFD-D2C1-4ED2-A166-83B2A4D2AA1F}.Release|x64.Deploy.0 = Release|x64
		{0E68ECFD-D2C1-4ED2-A166-83B2A4D2AA1F}.Release|x86.ActiveCfg = Release|x86
		{0E68ECFD-D2C1-4ED2-A166-83B2A4D2AA1F}.Release|x86.Build.0 = Release|x86
		{0E68ECFD-D2C1-4ED2-A166-83B2A4D2AA1F}.Release|x86.Deploy.0 = Release|x86
		{B2F805E9-3560-403B-BBF8-9E2730E6FF85}.Ad-Hoc|Any CPU.ActiveCfg = Release|Any CPU
		{B2F805E9-3560-403B-BBF8-9E2730E6FF85}.Ad-Hoc|Any CPU.Build.0 = Release|Any CPU
		{B2F805E9-3560-403B-BBF8-9E2730E6FF85}.Ad-Hoc|Any CPU.Deploy.0 = Release|Any CPU
		{B2F805E9-3560-403B-BBF8-9E2730E6FF85}.Ad-Hoc|ARM.ActiveCfg = Release|ARM
		{B2F805E9-3560-403B-BBF8-9E2730E6FF85}.Ad-Hoc|ARM.Build.0 = Release|ARM
		{B2F805E9-3560-403B-BBF8-9E2730E6FF85}.Ad-Hoc|ARM.Deploy.0 = Release|ARM
		{B2F805E9-3560-403B-BBF8-9E2730E6FF85}.Ad-Hoc|iPhone.ActiveCfg = Release|Any CPU
		{B2F805E9-3560-403B-BBF8-9E2730E6FF85}.Ad-Hoc|iPhone.Build.0 = Release|Any CPU
		{B2F805E9-3560-403B-BBF8-9E2730E6FF85}.Ad-Hoc|iPhone.Deploy.0 = Release|Any CPU
		{B2F805E9-3560-403B-BBF8-9E2730E6FF85}.Ad-Hoc|iPhoneSimulator.ActiveCfg = Release|Any CPU
		{B2F805E9-3560-403B-BBF8-9E2730E6FF85}.Ad-Hoc|iPhoneSimulator.Build.0 = Release|Any CPU
		{B2F805E9-3560-403B-BBF8-9E2730E6FF85}.Ad-Hoc|iPhoneSimulator.Deploy.0 = Release|Any CPU
		{B2F805E9-3560-403B-BBF8-9E2730E6FF85}.Ad-Hoc|x64.ActiveCfg = Release|Any CPU
		{B2F805E9-3560-403B-BBF8-9E2730E6FF85}.Ad-Hoc|x64.Build.0 = Release|Any CPU
		{B2F805E9-3560-403B-BBF8-9E2730E6FF85}.Ad-Hoc|x64.Deploy.0 = Release|Any CPU
		{B2F805E9-3560-403B-BBF8-9E2730E6FF85}.Ad-Hoc|x86.ActiveCfg = Release|x86
		{B2F805E9-3560-403B-BBF8-9E2730E6FF85}.Ad-Hoc|x86.Build.0 = Release|x86
		{B2F805E9-3560-403B-BBF8-9E2730E6FF85}.Ad-Hoc|x86.Deploy.0 = Release|x86
		{B2F805E9-3560-403B-BBF8-9E2730E6FF85}.AppStore|Any CPU.ActiveCfg = Release|Any CPU
		{B2F805E9-3560-403B-BBF8-9E2730E6FF85}.AppStore|Any CPU.Build.0 = Release|Any CPU
		{B2F805E9-3560-403B-BBF8-9E2730E6FF85}.AppStore|Any CPU.Deploy.0 = Release|Any CPU
		{B2F805E9-3560-403B-BBF8-9E2730E6FF85}.AppStore|ARM.ActiveCfg = Release|ARM
		{B2F805E9-3560-403B-BBF8-9E2730E6FF85}.AppStore|ARM.Build.0 = Release|ARM
		{B2F805E9-3560-403B-BBF8-9E2730E6FF85}.AppStore|ARM.Deploy.0 = Release|ARM
		{B2F805E9-3560-403B-BBF8-9E2730E6FF85}.AppStore|iPhone.ActiveCfg = Release|Any CPU
		{B2F805E9-3560-403B-BBF8-9E2730E6FF85}.AppStore|iPhone.Build.0 = Release|Any CPU
		{B2F805E9-3560-403B-BBF8-9E2730E6FF85}.AppStore|iPhone.Deploy.0 = Release|Any CPU
		{B2F805E9-3560-403B-BBF8-9E2730E6FF85}.AppStore|iPhoneSimulator.ActiveCfg = Release|Any CPU
		{B2F805E9-3560-403B-BBF8-9E2730E6FF85}.AppStore|iPhoneSimulator.Build.0 = Release|Any CPU
		{B2F805E9-3560-403B-BBF8-9E2730E6FF85}.AppStore|iPhoneSimulator.Deploy.0 = Release|Any CPU
		{B2F805E9-3560-403B-BBF8-9E2730E6FF85}.AppStore|x64.ActiveCfg = Release|Any CPU
		{B2F805E9-3560-403B-BBF8-9E2730E6FF85}.AppStore|x64.Build.0 = Release|Any CPU
		{B2F805E9-3560-403B-BBF8-9E2730E6FF85}.AppStore|x64.Deploy.0 = Release|Any CPU
		{B2F805E9-3560-403B-BBF8-9E2730E6FF85}.AppStore|x86.ActiveCfg = Release|x86
		{B2F805E9-3560-403B-BBF8-9E2730E6FF85}.AppStore|x86.Build.0 = Release|x86
		{B2F805E9-3560-403B-BBF8-9E2730E6FF85}.AppStore|x86.Deploy.0 = Release|x86
		{B2F805E9-3560-403B-BBF8-9E2730E6FF85}.Debug|Any CPU.ActiveCfg = Debug|Any CPU
		{B2F805E9-3560-403B-BBF8-9E2730E6FF85}.Debug|ARM.ActiveCfg = Debug|ARM
		{B2F805E9-3560-403B-BBF8-9E2730E6FF85}.Debug|ARM.Build.0 = Debug|ARM
		{B2F805E9-3560-403B-BBF8-9E2730E6FF85}.Debug|ARM.Deploy.0 = Debug|ARM
		{B2F805E9-3560-403B-BBF8-9E2730E6FF85}.Debug|iPhone.ActiveCfg = Debug|Any CPU
		{B2F805E9-3560-403B-BBF8-9E2730E6FF85}.Debug|iPhoneSimulator.ActiveCfg = Debug|Any CPU
		{B2F805E9-3560-403B-BBF8-9E2730E6FF85}.Debug|iPhoneSimulator.Build.0 = Debug|Any CPU
		{B2F805E9-3560-403B-BBF8-9E2730E6FF85}.Debug|iPhoneSimulator.Deploy.0 = Debug|Any CPU
		{B2F805E9-3560-403B-BBF8-9E2730E6FF85}.Debug|x64.ActiveCfg = Debug|Any CPU
		{B2F805E9-3560-403B-BBF8-9E2730E6FF85}.Debug|x64.Build.0 = Debug|Any CPU
		{B2F805E9-3560-403B-BBF8-9E2730E6FF85}.Debug|x64.Deploy.0 = Debug|Any CPU
		{B2F805E9-3560-403B-BBF8-9E2730E6FF85}.Debug|x86.ActiveCfg = Debug|x86
		{B2F805E9-3560-403B-BBF8-9E2730E6FF85}.Debug|x86.Build.0 = Debug|x86
		{B2F805E9-3560-403B-BBF8-9E2730E6FF85}.Debug|x86.Deploy.0 = Debug|x86
		{B2F805E9-3560-403B-BBF8-9E2730E6FF85}.Release|Any CPU.ActiveCfg = Release|Any CPU
		{B2F805E9-3560-403B-BBF8-9E2730E6FF85}.Release|Any CPU.Build.0 = Release|Any CPU
		{B2F805E9-3560-403B-BBF8-9E2730E6FF85}.Release|Any CPU.Deploy.0 = Release|Any CPU
		{B2F805E9-3560-403B-BBF8-9E2730E6FF85}.Release|ARM.ActiveCfg = Release|ARM
		{B2F805E9-3560-403B-BBF8-9E2730E6FF85}.Release|ARM.Build.0 = Release|ARM
		{B2F805E9-3560-403B-BBF8-9E2730E6FF85}.Release|ARM.Deploy.0 = Release|ARM
		{B2F805E9-3560-403B-BBF8-9E2730E6FF85}.Release|iPhone.ActiveCfg = Release|Any CPU
		{B2F805E9-3560-403B-BBF8-9E2730E6FF85}.Release|iPhone.Build.0 = Release|Any CPU
		{B2F805E9-3560-403B-BBF8-9E2730E6FF85}.Release|iPhone.Deploy.0 = Release|Any CPU
		{B2F805E9-3560-403B-BBF8-9E2730E6FF85}.Release|iPhoneSimulator.ActiveCfg = Release|Any CPU
		{B2F805E9-3560-403B-BBF8-9E2730E6FF85}.Release|iPhoneSimulator.Build.0 = Release|Any CPU
		{B2F805E9-3560-403B-BBF8-9E2730E6FF85}.Release|iPhoneSimulator.Deploy.0 = Release|Any CPU
		{B2F805E9-3560-403B-BBF8-9E2730E6FF85}.Release|x64.ActiveCfg = Release|Any CPU
		{B2F805E9-3560-403B-BBF8-9E2730E6FF85}.Release|x64.Build.0 = Release|Any CPU
		{B2F805E9-3560-403B-BBF8-9E2730E6FF85}.Release|x64.Deploy.0 = Release|Any CPU
		{B2F805E9-3560-403B-BBF8-9E2730E6FF85}.Release|x86.ActiveCfg = Release|x86
		{B2F805E9-3560-403B-BBF8-9E2730E6FF85}.Release|x86.Build.0 = Release|x86
		{B2F805E9-3560-403B-BBF8-9E2730E6FF85}.Release|x86.Deploy.0 = Release|x86
		{20C2EE10-BD8B-419E-AC6D-F17A160E538E}.Ad-Hoc|Any CPU.ActiveCfg = Release|Any CPU
		{20C2EE10-BD8B-419E-AC6D-F17A160E538E}.Ad-Hoc|Any CPU.Build.0 = Release|Any CPU
		{20C2EE10-BD8B-419E-AC6D-F17A160E538E}.Ad-Hoc|ARM.ActiveCfg = Release|Any CPU
		{20C2EE10-BD8B-419E-AC6D-F17A160E538E}.Ad-Hoc|ARM.Build.0 = Release|Any CPU
		{20C2EE10-BD8B-419E-AC6D-F17A160E538E}.Ad-Hoc|iPhone.ActiveCfg = Release|Any CPU
		{20C2EE10-BD8B-419E-AC6D-F17A160E538E}.Ad-Hoc|iPhone.Build.0 = Release|Any CPU
		{20C2EE10-BD8B-419E-AC6D-F17A160E538E}.Ad-Hoc|iPhoneSimulator.ActiveCfg = Release|Any CPU
		{20C2EE10-BD8B-419E-AC6D-F17A160E538E}.Ad-Hoc|iPhoneSimulator.Build.0 = Release|Any CPU
		{20C2EE10-BD8B-419E-AC6D-F17A160E538E}.Ad-Hoc|x64.ActiveCfg = Release|Any CPU
		{20C2EE10-BD8B-419E-AC6D-F17A160E538E}.Ad-Hoc|x64.Build.0 = Release|Any CPU
		{20C2EE10-BD8B-419E-AC6D-F17A160E538E}.Ad-Hoc|x86.ActiveCfg = Release|Any CPU
		{20C2EE10-BD8B-419E-AC6D-F17A160E538E}.Ad-Hoc|x86.Build.0 = Release|Any CPU
		{20C2EE10-BD8B-419E-AC6D-F17A160E538E}.AppStore|Any CPU.ActiveCfg = Release|Any CPU
		{20C2EE10-BD8B-419E-AC6D-F17A160E538E}.AppStore|Any CPU.Build.0 = Release|Any CPU
		{20C2EE10-BD8B-419E-AC6D-F17A160E538E}.AppStore|ARM.ActiveCfg = Release|Any CPU
		{20C2EE10-BD8B-419E-AC6D-F17A160E538E}.AppStore|ARM.Build.0 = Release|Any CPU
		{20C2EE10-BD8B-419E-AC6D-F17A160E538E}.AppStore|iPhone.ActiveCfg = Release|Any CPU
		{20C2EE10-BD8B-419E-AC6D-F17A160E538E}.AppStore|iPhone.Build.0 = Release|Any CPU
		{20C2EE10-BD8B-419E-AC6D-F17A160E538E}.AppStore|iPhoneSimulator.ActiveCfg = Release|Any CPU
		{20C2EE10-BD8B-419E-AC6D-F17A160E538E}.AppStore|iPhoneSimulator.Build.0 = Release|Any CPU
		{20C2EE10-BD8B-419E-AC6D-F17A160E538E}.AppStore|x64.ActiveCfg = Release|Any CPU
		{20C2EE10-BD8B-419E-AC6D-F17A160E538E}.AppStore|x64.Build.0 = Release|Any CPU
		{20C2EE10-BD8B-419E-AC6D-F17A160E538E}.AppStore|x86.ActiveCfg = Release|Any CPU
		{20C2EE10-BD8B-419E-AC6D-F17A160E538E}.AppStore|x86.Build.0 = Release|Any CPU
		{20C2EE10-BD8B-419E-AC6D-F17A160E538E}.Debug|Any CPU.ActiveCfg = Debug|Any CPU
		{20C2EE10-BD8B-419E-AC6D-F17A160E538E}.Debug|ARM.ActiveCfg = Debug|Any CPU
		{20C2EE10-BD8B-419E-AC6D-F17A160E538E}.Debug|ARM.Build.0 = Debug|Any CPU
		{20C2EE10-BD8B-419E-AC6D-F17A160E538E}.Debug|iPhone.ActiveCfg = Debug|Any CPU
		{20C2EE10-BD8B-419E-AC6D-F17A160E538E}.Debug|iPhone.Build.0 = Debug|Any CPU
		{20C2EE10-BD8B-419E-AC6D-F17A160E538E}.Debug|iPhoneSimulator.ActiveCfg = Debug|Any CPU
		{20C2EE10-BD8B-419E-AC6D-F17A160E538E}.Debug|iPhoneSimulator.Build.0 = Debug|Any CPU
		{20C2EE10-BD8B-419E-AC6D-F17A160E538E}.Debug|x64.ActiveCfg = Debug|Any CPU
		{20C2EE10-BD8B-419E-AC6D-F17A160E538E}.Debug|x64.Build.0 = Debug|Any CPU
		{20C2EE10-BD8B-419E-AC6D-F17A160E538E}.Debug|x86.ActiveCfg = Debug|Any CPU
		{20C2EE10-BD8B-419E-AC6D-F17A160E538E}.Debug|x86.Build.0 = Debug|Any CPU
		{20C2EE10-BD8B-419E-AC6D-F17A160E538E}.Release|Any CPU.ActiveCfg = Release|Any CPU
		{20C2EE10-BD8B-419E-AC6D-F17A160E538E}.Release|Any CPU.Build.0 = Release|Any CPU
		{20C2EE10-BD8B-419E-AC6D-F17A160E538E}.Release|ARM.ActiveCfg = Release|Any CPU
		{20C2EE10-BD8B-419E-AC6D-F17A160E538E}.Release|ARM.Build.0 = Release|Any CPU
		{20C2EE10-BD8B-419E-AC6D-F17A160E538E}.Release|iPhone.ActiveCfg = Release|Any CPU
		{20C2EE10-BD8B-419E-AC6D-F17A160E538E}.Release|iPhone.Build.0 = Release|Any CPU
		{20C2EE10-BD8B-419E-AC6D-F17A160E538E}.Release|iPhoneSimulator.ActiveCfg = Release|Any CPU
		{20C2EE10-BD8B-419E-AC6D-F17A160E538E}.Release|iPhoneSimulator.Build.0 = Release|Any CPU
		{20C2EE10-BD8B-419E-AC6D-F17A160E538E}.Release|x64.ActiveCfg = Release|Any CPU
		{20C2EE10-BD8B-419E-AC6D-F17A160E538E}.Release|x64.Build.0 = Release|Any CPU
		{20C2EE10-BD8B-419E-AC6D-F17A160E538E}.Release|x86.ActiveCfg = Release|Any CPU
		{20C2EE10-BD8B-419E-AC6D-F17A160E538E}.Release|x86.Build.0 = Release|Any CPU
		{F3795A63-FA62-44B5-A4D6-8CBDD543EFF5}.Ad-Hoc|Any CPU.ActiveCfg = Release|Any CPU
		{F3795A63-FA62-44B5-A4D6-8CBDD543EFF5}.Ad-Hoc|Any CPU.Build.0 = Release|Any CPU
		{F3795A63-FA62-44B5-A4D6-8CBDD543EFF5}.Ad-Hoc|ARM.ActiveCfg = Release|Any CPU
		{F3795A63-FA62-44B5-A4D6-8CBDD543EFF5}.Ad-Hoc|ARM.Build.0 = Release|Any CPU
		{F3795A63-FA62-44B5-A4D6-8CBDD543EFF5}.Ad-Hoc|iPhone.ActiveCfg = Release|Any CPU
		{F3795A63-FA62-44B5-A4D6-8CBDD543EFF5}.Ad-Hoc|iPhone.Build.0 = Release|Any CPU
		{F3795A63-FA62-44B5-A4D6-8CBDD543EFF5}.Ad-Hoc|iPhoneSimulator.ActiveCfg = Release|Any CPU
		{F3795A63-FA62-44B5-A4D6-8CBDD543EFF5}.Ad-Hoc|iPhoneSimulator.Build.0 = Release|Any CPU
		{F3795A63-FA62-44B5-A4D6-8CBDD543EFF5}.Ad-Hoc|x64.ActiveCfg = Release|Any CPU
		{F3795A63-FA62-44B5-A4D6-8CBDD543EFF5}.Ad-Hoc|x64.Build.0 = Release|Any CPU
		{F3795A63-FA62-44B5-A4D6-8CBDD543EFF5}.Ad-Hoc|x86.ActiveCfg = Release|Any CPU
		{F3795A63-FA62-44B5-A4D6-8CBDD543EFF5}.Ad-Hoc|x86.Build.0 = Release|Any CPU
		{F3795A63-FA62-44B5-A4D6-8CBDD543EFF5}.AppStore|Any CPU.ActiveCfg = Release|Any CPU
		{F3795A63-FA62-44B5-A4D6-8CBDD543EFF5}.AppStore|Any CPU.Build.0 = Release|Any CPU
		{F3795A63-FA62-44B5-A4D6-8CBDD543EFF5}.AppStore|ARM.ActiveCfg = Release|Any CPU
		{F3795A63-FA62-44B5-A4D6-8CBDD543EFF5}.AppStore|ARM.Build.0 = Release|Any CPU
		{F3795A63-FA62-44B5-A4D6-8CBDD543EFF5}.AppStore|iPhone.ActiveCfg = Release|Any CPU
		{F3795A63-FA62-44B5-A4D6-8CBDD543EFF5}.AppStore|iPhone.Build.0 = Release|Any CPU
		{F3795A63-FA62-44B5-A4D6-8CBDD543EFF5}.AppStore|iPhoneSimulator.ActiveCfg = Release|Any CPU
		{F3795A63-FA62-44B5-A4D6-8CBDD543EFF5}.AppStore|iPhoneSimulator.Build.0 = Release|Any CPU
		{F3795A63-FA62-44B5-A4D6-8CBDD543EFF5}.AppStore|x64.ActiveCfg = Release|Any CPU
		{F3795A63-FA62-44B5-A4D6-8CBDD543EFF5}.AppStore|x64.Build.0 = Release|Any CPU
		{F3795A63-FA62-44B5-A4D6-8CBDD543EFF5}.AppStore|x86.ActiveCfg = Release|Any CPU
		{F3795A63-FA62-44B5-A4D6-8CBDD543EFF5}.AppStore|x86.Build.0 = Release|Any CPU
		{F3795A63-FA62-44B5-A4D6-8CBDD543EFF5}.Debug|Any CPU.ActiveCfg = Debug|Any CPU
		{F3795A63-FA62-44B5-A4D6-8CBDD543EFF5}.Debug|Any CPU.Build.0 = Debug|Any CPU
		{F3795A63-FA62-44B5-A4D6-8CBDD543EFF5}.Debug|ARM.ActiveCfg = Debug|Any CPU
		{F3795A63-FA62-44B5-A4D6-8CBDD543EFF5}.Debug|ARM.Build.0 = Debug|Any CPU
		{F3795A63-FA62-44B5-A4D6-8CBDD543EFF5}.Debug|iPhone.ActiveCfg = Debug|Any CPU
		{F3795A63-FA62-44B5-A4D6-8CBDD543EFF5}.Debug|iPhone.Build.0 = Debug|Any CPU
		{F3795A63-FA62-44B5-A4D6-8CBDD543EFF5}.Debug|iPhoneSimulator.ActiveCfg = Debug|Any CPU
		{F3795A63-FA62-44B5-A4D6-8CBDD543EFF5}.Debug|iPhoneSimulator.Build.0 = Debug|Any CPU
		{F3795A63-FA62-44B5-A4D6-8CBDD543EFF5}.Debug|x64.ActiveCfg = Debug|Any CPU
		{F3795A63-FA62-44B5-A4D6-8CBDD543EFF5}.Debug|x64.Build.0 = Debug|Any CPU
		{F3795A63-FA62-44B5-A4D6-8CBDD543EFF5}.Debug|x86.ActiveCfg = Debug|Any CPU
		{F3795A63-FA62-44B5-A4D6-8CBDD543EFF5}.Debug|x86.Build.0 = Debug|Any CPU
		{F3795A63-FA62-44B5-A4D6-8CBDD543EFF5}.Release|Any CPU.ActiveCfg = Release|Any CPU
		{F3795A63-FA62-44B5-A4D6-8CBDD543EFF5}.Release|Any CPU.Build.0 = Release|Any CPU
		{F3795A63-FA62-44B5-A4D6-8CBDD543EFF5}.Release|ARM.ActiveCfg = Release|Any CPU
		{F3795A63-FA62-44B5-A4D6-8CBDD543EFF5}.Release|ARM.Build.0 = Release|Any CPU
		{F3795A63-FA62-44B5-A4D6-8CBDD543EFF5}.Release|iPhone.ActiveCfg = Release|Any CPU
		{F3795A63-FA62-44B5-A4D6-8CBDD543EFF5}.Release|iPhone.Build.0 = Release|Any CPU
		{F3795A63-FA62-44B5-A4D6-8CBDD543EFF5}.Release|iPhoneSimulator.ActiveCfg = Release|Any CPU
		{F3795A63-FA62-44B5-A4D6-8CBDD543EFF5}.Release|iPhoneSimulator.Build.0 = Release|Any CPU
		{F3795A63-FA62-44B5-A4D6-8CBDD543EFF5}.Release|x64.ActiveCfg = Release|Any CPU
		{F3795A63-FA62-44B5-A4D6-8CBDD543EFF5}.Release|x64.Build.0 = Release|Any CPU
		{F3795A63-FA62-44B5-A4D6-8CBDD543EFF5}.Release|x86.ActiveCfg = Release|Any CPU
		{F3795A63-FA62-44B5-A4D6-8CBDD543EFF5}.Release|x86.Build.0 = Release|Any CPU
	EndGlobalSection
	GlobalSection(SolutionProperties) = preSolution
		HideSolutionNode = FALSE
	EndGlobalSection
EndGlobal
