
Microsoft Visual Studio Solution File, Format Version 12.00
# Visual Studio 14
VisualStudioVersion = 14.0.25420.1
MinimumVisualStudioVersion = 10.0.40219.1
Project("{FAE04EC0-301F-11D3-BF4B-00C04F79EFBC}") = "TestDrive.Droid", "TestDrive\TestDrive.Droid\TestDrive.Droid.csproj", "{FAD492D2-D362-4CBA-B453-CC047CFEE7CA}"
EndProject
Project("{FAE04EC0-301F-11D3-BF4B-00C04F79EFBC}") = "TestDrive.Aula8", "TestDrive\TestDrive.Aula8\TestDrive.Aula8.csproj", "{7C8FBDE9-9956-4B9C-BDD1-A94ADAAD7ABA}"
EndProject
Global
	GlobalSection(SolutionConfigurationPlatforms) = preSolution
		Ad-Hoc|Any CPU = Ad-Hoc|Any CPU
		Ad-Hoc|ARM = Ad-Hoc|ARM
		Ad-Hoc|iPhone = Ad-Hoc|iPhone
		Ad-Hoc|iPhoneSimulator = Ad-Hoc|iPhoneSimulator
		Ad-Hoc|x64 = Ad-Hoc|x64
		Ad-Hoc|x86 = Ad-Hoc|x86
		AppStore|Any CPU = AppStore|Any CPU
		AppStore|ARM = AppStore|ARM
		AppStore|iPhone = AppStore|iPhone
		AppStore|iPhoneSimulator = AppStore|iPhoneSimulator
		AppStore|x64 = AppStore|x64
		AppStore|x86 = AppStore|x86
		Debug|Any CPU = Debug|Any CPU
		Debug|ARM = Debug|ARM
		Debug|iPhone = Debug|iPhone
		Debug|iPhoneSimulator = Debug|iPhoneSimulator
		Debug|x64 = Debug|x64
		Debug|x86 = Debug|x86
		Release|Any CPU = Release|Any CPU
		Release|ARM = Release|ARM
		Release|iPhone = Release|iPhone
		Release|iPhoneSimulator = Release|iPhoneSimulator
		Release|x64 = Release|x64
		Release|x86 = Release|x86
	EndGlobalSection
	GlobalSection(ProjectConfigurationPlatforms) = postSolution
		{FAD492D2-D362-4CBA-B453-CC047CFEE7CA}.Ad-Hoc|Any CPU.ActiveCfg = Release|Any CPU
		{FAD492D2-D362-4CBA-B453-CC047CFEE7CA}.Ad-Hoc|Any CPU.Build.0 = Release|Any CPU
		{FAD492D2-D362-4CBA-B453-CC047CFEE7CA}.Ad-Hoc|Any CPU.Deploy.0 = Release|Any CPU
		{FAD492D2-D362-4CBA-B453-CC047CFEE7CA}.Ad-Hoc|ARM.ActiveCfg = Release|Any CPU
		{FAD492D2-D362-4CBA-B453-CC047CFEE7CA}.Ad-Hoc|ARM.Build.0 = Release|Any CPU
		{FAD492D2-D362-4CBA-B453-CC047CFEE7CA}.Ad-Hoc|ARM.Deploy.0 = Release|Any CPU
		{FAD492D2-D362-4CBA-B453-CC047CFEE7CA}.Ad-Hoc|iPhone.ActiveCfg = Release|Any CPU
		{FAD492D2-D362-4CBA-B453-CC047CFEE7CA}.Ad-Hoc|iPhone.Build.0 = Release|Any CPU
		{FAD492D2-D362-4CBA-B453-CC047CFEE7CA}.Ad-Hoc|iPhone.Deploy.0 = Release|Any CPU
		{FAD492D2-D362-4CBA-B453-CC047CFEE7CA}.Ad-Hoc|iPhoneSimulator.ActiveCfg = Release|Any CPU
		{FAD492D2-D362-4CBA-B453-CC047CFEE7CA}.Ad-Hoc|iPhoneSimulator.Build.0 = Release|Any CPU
		{FAD492D2-D362-4CBA-B453-CC047CFEE7CA}.Ad-Hoc|iPhoneSimulator.Deploy.0 = Release|Any CPU
		{FAD492D2-D362-4CBA-B453-CC047CFEE7CA}.Ad-Hoc|x64.ActiveCfg = Release|Any CPU
		{FAD492D2-D362-4CBA-B453-CC047CFEE7CA}.Ad-Hoc|x64.Build.0 = Release|Any CPU
		{FAD492D2-D362-4CBA-B453-CC047CFEE7CA}.Ad-Hoc|x64.Deploy.0 = Release|Any CPU
		{FAD492D2-D362-4CBA-B453-CC047CFEE7CA}.Ad-Hoc|x86.ActiveCfg = Release|Any CPU
		{FAD492D2-D362-4CBA-B453-CC047CFEE7CA}.Ad-Hoc|x86.Build.0 = Release|Any CPU
		{FAD492D2-D362-4CBA-B453-CC047CFEE7CA}.Ad-Hoc|x86.Deploy.0 = Release|Any CPU
		{FAD492D2-D362-4CBA-B453-CC047CFEE7CA}.AppStore|Any CPU.ActiveCfg = Release|Any CPU
		{FAD492D2-D362-4CBA-B453-CC047CFEE7CA}.AppStore|Any CPU.Build.0 = Release|Any CPU
		{FAD492D2-D362-4CBA-B453-CC047CFEE7CA}.AppStore|Any CPU.Deploy.0 = Release|Any CPU
		{FAD492D2-D362-4CBA-B453-CC047CFEE7CA}.AppStore|ARM.ActiveCfg = Release|Any CPU
		{FAD492D2-D362-4CBA-B453-CC047CFEE7CA}.AppStore|ARM.Build.0 = Release|Any CPU
		{FAD492D2-D362-4CBA-B453-CC047CFEE7CA}.AppStore|ARM.Deploy.0 = Release|Any CPU
		{FAD492D2-D362-4CBA-B453-CC047CFEE7CA}.AppStore|iPhone.ActiveCfg = Release|Any CPU
		{FAD492D2-D362-4CBA-B453-CC047CFEE7CA}.AppStore|iPhone.Build.0 = Release|Any CPU
		{FAD492D2-D362-4CBA-B453-CC047CFEE7CA}.AppStore|iPhone.Deploy.0 = Release|Any CPU
		{FAD492D2-D362-4CBA-B453-CC047CFEE7CA}.AppStore|iPhoneSimulator.ActiveCfg = Release|Any CPU
		{FAD492D2-D362-4CBA-B453-CC047CFEE7CA}.AppStore|iPhoneSimulator.Build.0 = Release|Any CPU
		{FAD492D2-D362-4CBA-B453-CC047CFEE7CA}.AppStore|iPhoneSimulator.Deploy.0 = Release|Any CPU
		{FAD492D2-D362-4CBA-B453-CC047CFEE7CA}.AppStore|x64.ActiveCfg = Release|Any CPU
		{FAD492D2-D362-4CBA-B453-CC047CFEE7CA}.AppStore|x64.Build.0 = Release|Any CPU
		{FAD492D2-D362-4CBA-B453-CC047CFEE7CA}.AppStore|x64.Deploy.0 = Release|Any CPU
		{FAD492D2-D362-4CBA-B453-CC047CFEE7CA}.AppStore|x86.ActiveCfg = Release|Any CPU
		{FAD492D2-D362-4CBA-B453-CC047CFEE7CA}.AppStore|x86.Build.0 = Release|Any CPU
		{FAD492D2-D362-4CBA-B453-CC047CFEE7CA}.AppStore|x86.Deploy.0 = Release|Any CPU
		{FAD492D2-D362-4CBA-B453-CC047CFEE7CA}.Debug|Any CPU.ActiveCfg = Debug|Any CPU
		{FAD492D2-D362-4CBA-B453-CC047CFEE7CA}.Debug|Any CPU.Build.0 = Debug|Any CPU
		{FAD492D2-D362-4CBA-B453-CC047CFEE7CA}.Debug|Any CPU.Deploy.0 = Debug|Any CPU
		{FAD492D2-D362-4CBA-B453-CC047CFEE7CA}.Debug|ARM.ActiveCfg = Debug|Any CPU
		{FAD492D2-D362-4CBA-B453-CC047CFEE7CA}.Debug|ARM.Build.0 = Debug|Any CPU
		{FAD492D2-D362-4CBA-B453-CC047CFEE7CA}.Debug|ARM.Deploy.0 = Debug|Any CPU
		{FAD492D2-D362-4CBA-B453-CC047CFEE7CA}.Debug|iPhone.ActiveCfg = Debug|Any CPU
		{FAD492D2-D362-4CBA-B453-CC047CFEE7CA}.Debug|iPhone.Build.0 = Debug|Any CPU
		{FAD492D2-D362-4CBA-B453-CC047CFEE7CA}.Debug|iPhone.Deploy.0 = Debug|Any CPU
		{FAD492D2-D362-4CBA-B453-CC047CFEE7CA}.Debug|iPhoneSimulator.ActiveCfg = Debug|Any CPU
		{FAD492D2-D362-4CBA-B453-CC047CFEE7CA}.Debug|iPhoneSimulator.Build.0 = Debug|Any CPU
		{FAD492D2-D362-4CBA-B453-CC047CFEE7CA}.Debug|iPhoneSimulator.Deploy.0 = Debug|Any CPU
		{FAD492D2-D362-4CBA-B453-CC047CFEE7CA}.Debug|x64.ActiveCfg = Debug|Any CPU
		{FAD492D2-D362-4CBA-B453-CC047CFEE7CA}.Debug|x64.Build.0 = Debug|Any CPU
		{FAD492D2-D362-4CBA-B453-CC047CFEE7CA}.Debug|x64.Deploy.0 = Debug|Any CPU
		{FAD492D2-D362-4CBA-B453-CC047CFEE7CA}.Debug|x86.ActiveCfg = Debug|Any CPU
		{FAD492D2-D362-4CBA-B453-CC047CFEE7CA}.Debug|x86.Build.0 = Debug|Any CPU
		{FAD492D2-D362-4CBA-B453-CC047CFEE7CA}.Debug|x86.Deploy.0 = Debug|Any CPU
		{FAD492D2-D362-4CBA-B453-CC047CFEE7CA}.Release|Any CPU.ActiveCfg = Release|Any CPU
		{FAD492D2-D362-4CBA-B453-CC047CFEE7CA}.Release|Any CPU.Build.0 = Release|Any CPU
		{FAD492D2-D362-4CBA-B453-CC047CFEE7CA}.Release|Any CPU.Deploy.0 = Release|Any CPU
		{FAD492D2-D362-4CBA-B453-CC047CFEE7CA}.Release|ARM.ActiveCfg = Release|Any CPU
		{FAD492D2-D362-4CBA-B453-CC047CFEE7CA}.Release|ARM.Build.0 = Release|Any CPU
		{FAD492D2-D362-4CBA-B453-CC047CFEE7CA}.Release|ARM.Deploy.0 = Release|Any CPU
		{FAD492D2-D362-4CBA-B453-CC047CFEE7CA}.Release|iPhone.ActiveCfg = Release|Any CPU
		{FAD492D2-D362-4CBA-B453-CC047CFEE7CA}.Release|iPhone.Build.0 = Release|Any CPU
		{FAD492D2-D362-4CBA-B453-CC047CFEE7CA}.Release|iPhone.Deploy.0 = Release|Any CPU
		{FAD492D2-D362-4CBA-B453-CC047CFEE7CA}.Release|iPhoneSimulator.ActiveCfg = Release|Any CPU
		{FAD492D2-D362-4CBA-B453-CC047CFEE7CA}.Release|iPhoneSimulator.Build.0 = Release|Any CPU
		{FAD492D2-D362-4CBA-B453-CC047CFEE7CA}.Release|iPhoneSimulator.Deploy.0 = Release|Any CPU
		{FAD492D2-D362-4CBA-B453-CC047CFEE7CA}.Release|x64.ActiveCfg = Release|Any CPU
		{FAD492D2-D362-4CBA-B453-CC047CFEE7CA}.Release|x64.Build.0 = Release|Any CPU
		{FAD492D2-D362-4CBA-B453-CC047CFEE7CA}.Release|x64.Deploy.0 = Release|Any CPU
		{FAD492D2-D362-4CBA-B453-CC047CFEE7CA}.Release|x86.ActiveCfg = Release|Any CPU
		{FAD492D2-D362-4CBA-B453-CC047CFEE7CA}.Release|x86.Build.0 = Release|Any CPU
		{FAD492D2-D362-4CBA-B453-CC047CFEE7CA}.Release|x86.Deploy.0 = Release|Any CPU
		{7C8FBDE9-9956-4B9C-BDD1-A94ADAAD7ABA}.Ad-Hoc|Any CPU.ActiveCfg = Release|Any CPU
		{7C8FBDE9-9956-4B9C-BDD1-A94ADAAD7ABA}.Ad-Hoc|Any CPU.Build.0 = Release|Any CPU
		{7C8FBDE9-9956-4B9C-BDD1-A94ADAAD7ABA}.Ad-Hoc|ARM.ActiveCfg = Release|Any CPU
		{7C8FBDE9-9956-4B9C-BDD1-A94ADAAD7ABA}.Ad-Hoc|ARM.Build.0 = Release|Any CPU
		{7C8FBDE9-9956-4B9C-BDD1-A94ADAAD7ABA}.Ad-Hoc|iPhone.ActiveCfg = Release|Any CPU
		{7C8FBDE9-9956-4B9C-BDD1-A94ADAAD7ABA}.Ad-Hoc|iPhone.Build.0 = Release|Any CPU
		{7C8FBDE9-9956-4B9C-BDD1-A94ADAAD7ABA}.Ad-Hoc|iPhoneSimulator.ActiveCfg = Release|Any CPU
		{7C8FBDE9-9956-4B9C-BDD1-A94ADAAD7ABA}.Ad-Hoc|iPhoneSimulator.Build.0 = Release|Any CPU
		{7C8FBDE9-9956-4B9C-BDD1-A94ADAAD7ABA}.Ad-Hoc|x64.ActiveCfg = Release|Any CPU
		{7C8FBDE9-9956-4B9C-BDD1-A94ADAAD7ABA}.Ad-Hoc|x64.Build.0 = Release|Any CPU
		{7C8FBDE9-9956-4B9C-BDD1-A94ADAAD7ABA}.Ad-Hoc|x86.ActiveCfg = Release|Any CPU
		{7C8FBDE9-9956-4B9C-BDD1-A94ADAAD7ABA}.Ad-Hoc|x86.Build.0 = Release|Any CPU
		{7C8FBDE9-9956-4B9C-BDD1-A94ADAAD7ABA}.AppStore|Any CPU.ActiveCfg = Release|Any CPU
		{7C8FBDE9-9956-4B9C-BDD1-A94ADAAD7ABA}.AppStore|Any CPU.Build.0 = Release|Any CPU
		{7C8FBDE9-9956-4B9C-BDD1-A94ADAAD7ABA}.AppStore|ARM.ActiveCfg = Release|Any CPU
		{7C8FBDE9-9956-4B9C-BDD1-A94ADAAD7ABA}.AppStore|ARM.Build.0 = Release|Any CPU
		{7C8FBDE9-9956-4B9C-BDD1-A94ADAAD7ABA}.AppStore|iPhone.ActiveCfg = Release|Any CPU
		{7C8FBDE9-9956-4B9C-BDD1-A94ADAAD7ABA}.AppStore|iPhone.Build.0 = Release|Any CPU
		{7C8FBDE9-9956-4B9C-BDD1-A94ADAAD7ABA}.AppStore|iPhoneSimulator.ActiveCfg = Release|Any CPU
		{7C8FBDE9-9956-4B9C-BDD1-A94ADAAD7ABA}.AppStore|iPhoneSimulator.Build.0 = Release|Any CPU
		{7C8FBDE9-9956-4B9C-BDD1-A94ADAAD7ABA}.AppStore|x64.ActiveCfg = Release|Any CPU
		{7C8FBDE9-9956-4B9C-BDD1-A94ADAAD7ABA}.AppStore|x64.Build.0 = Release|Any CPU
		{7C8FBDE9-9956-4B9C-BDD1-A94ADAAD7ABA}.AppStore|x86.ActiveCfg = Release|Any CPU
		{7C8FBDE9-9956-4B9C-BDD1-A94ADAAD7ABA}.AppStore|x86.Build.0 = Release|Any CPU
		{7C8FBDE9-9956-4B9C-BDD1-A94ADAAD7ABA}.Debug|Any CPU.ActiveCfg = Debug|Any CPU
		{7C8FBDE9-9956-4B9C-BDD1-A94ADAAD7ABA}.Debug|Any CPU.Build.0 = Debug|Any CPU
		{7C8FBDE9-9956-4B9C-BDD1-A94ADAAD7ABA}.Debug|ARM.ActiveCfg = Debug|Any CPU
		{7C8FBDE9-9956-4B9C-BDD1-A94ADAAD7ABA}.Debug|ARM.Build.0 = Debug|Any CPU
		{7C8FBDE9-9956-4B9C-BDD1-A94ADAAD7ABA}.Debug|iPhone.ActiveCfg = Debug|Any CPU
		{7C8FBDE9-9956-4B9C-BDD1-A94ADAAD7ABA}.Debug|iPhone.Build.0 = Debug|Any CPU
		{7C8FBDE9-9956-4B9C-BDD1-A94ADAAD7ABA}.Debug|iPhoneSimulator.ActiveCfg = Debug|Any CPU
		{7C8FBDE9-9956-4B9C-BDD1-A94ADAAD7ABA}.Debug|iPhoneSimulator.Build.0 = Debug|Any CPU
		{7C8FBDE9-9956-4B9C-BDD1-A94ADAAD7ABA}.Debug|x64.ActiveCfg = Debug|Any CPU
		{7C8FBDE9-9956-4B9C-BDD1-A94ADAAD7ABA}.Debug|x64.Build.0 = Debug|Any CPU
		{7C8FBDE9-9956-4B9C-BDD1-A94ADAAD7ABA}.Debug|x86.ActiveCfg = Debug|Any CPU
		{7C8FBDE9-9956-4B9C-BDD1-A94ADAAD7ABA}.Debug|x86.Build.0 = Debug|Any CPU
		{7C8FBDE9-9956-4B9C-BDD1-A94ADAAD7ABA}.Release|Any CPU.ActiveCfg = Release|Any CPU
		{7C8FBDE9-9956-4B9C-BDD1-A94ADAAD7ABA}.Release|Any CPU.Build.0 = Release|Any CPU
		{7C8FBDE9-9956-4B9C-BDD1-A94ADAAD7ABA}.Release|ARM.ActiveCfg = Release|Any CPU
		{7C8FBDE9-9956-4B9C-BDD1-A94ADAAD7ABA}.Release|ARM.Build.0 = Release|Any CPU
		{7C8FBDE9-9956-4B9C-BDD1-A94ADAAD7ABA}.Release|iPhone.ActiveCfg = Release|Any CPU
		{7C8FBDE9-9956-4B9C-BDD1-A94ADAAD7ABA}.Release|iPhone.Build.0 = Release|Any CPU
		{7C8FBDE9-9956-4B9C-BDD1-A94ADAAD7ABA}.Release|iPhoneSimulator.ActiveCfg = Release|Any CPU
		{7C8FBDE9-9956-4B9C-BDD1-A94ADAAD7ABA}.Release|iPhoneSimulator.Build.0 = Release|Any CPU
		{7C8FBDE9-9956-4B9C-BDD1-A94ADAAD7ABA}.Release|x64.ActiveCfg = Release|Any CPU
		{7C8FBDE9-9956-4B9C-BDD1-A94ADAAD7ABA}.Release|x64.Build.0 = Release|Any CPU
		{7C8FBDE9-9956-4B9C-BDD1-A94ADAAD7ABA}.Release|x86.ActiveCfg = Release|Any CPU
		{7C8FBDE9-9956-4B9C-BDD1-A94ADAAD7ABA}.Release|x86.Build.0 = Release|Any CPU
	EndGlobalSection
	GlobalSection(SolutionProperties) = preSolution
		HideSolutionNode = FALSE
	EndGlobalSection
EndGlobal
